
Microsoft Visual Studio Solution File, Format Version 11.00
# Visual Studio 2010
Project("{8BC9CEB8-8B4A-11D0-8D11-00A0C91BC942}") = "Skulptor", "Skulptor\Skulptor.vcxproj", "{FCA863FE-F9DE-40EB-97B3-40BBCC4A0E0F}"
EndProject
Global
	GlobalSection(SolutionConfigurationPlatforms) = preSolution
		Debug|Win32 = Debug|Win32
		Release|Win32 = Release|Win32
	EndGlobalSection
	GlobalSection(ProjectConfigurationPlatforms) = postSolution
		{FCA863FE-F9DE-40EB-97B3-40BBCC4A0E0F}.Debug|Win32.ActiveCfg = Debug|Win32
		{FCA863FE-F9DE-40EB-97B3-40BBCC4A0E0F}.Debug|Win32.Build.0 = Debug|Win32
		{FCA863FE-F9DE-40EB-97B3-40BBCC4A0E0F}.Release|Win32.ActiveCfg = Release|Win32
		{FCA863FE-F9DE-40EB-97B3-40BBCC4A0E0F}.Release|Win32.Build.0 = Release|Win32
	EndGlobalSection
	GlobalSection(SolutionProperties) = preSolution
		HideSolutionNode = FALSE
	EndGlobalSection
	GlobalSection(ExtensibilityGlobals) = postSolution
		QtVersion = 4.8.1
	EndGlobalSection
EndGlobal
